// !$*UTF8*$!
{
	archiveVersion = 1;
	classes = {
	};
	objectVersion = 46;
	objects = {

/* Begin PBXBuildFile section */
		CA7A75CB1CE2C4A4009C89DC /* AppDelegate.swift in Sources */ = {isa = PBXBuildFile; fileRef = CA7A75CA1CE2C4A4009C89DC /* AppDelegate.swift */; };
		CA7A75D01CE2C4A4009C89DC /* Main.storyboard in Resources */ = {isa = PBXBuildFile; fileRef = CA7A75CE1CE2C4A4009C89DC /* Main.storyboard */; };
		CA7A75D21CE2C4A4009C89DC /* Assets.xcassets in Resources */ = {isa = PBXBuildFile; fileRef = CA7A75D11CE2C4A4009C89DC /* Assets.xcassets */; };
		CA7A75D51CE2C4A4009C89DC /* LaunchScreen.storyboard in Resources */ = {isa = PBXBuildFile; fileRef = CA7A75D31CE2C4A4009C89DC /* LaunchScreen.storyboard */; };
		CAB0D0151D07B62200635218 /* Roboto-Light.ttf in Resources */ = {isa = PBXBuildFile; fileRef = CAB0D0131D07B62200635218 /* Roboto-Light.ttf */; };
		CAB0D0161D07B62200635218 /* Roboto-Medium.ttf in Resources */ = {isa = PBXBuildFile; fileRef = CAB0D0141D07B62200635218 /* Roboto-Medium.ttf */; };
		CAB0D0191D07B63300635218 /* MainViewController.swift in Sources */ = {isa = PBXBuildFile; fileRef = CAB0D0181D07B63300635218 /* MainViewController.swift */; };
		CAD708291CE2D44B00A6E76C /* CommonTypes.swift in Sources */ = {isa = PBXBuildFile; fileRef = CAD708261CE2D44B00A6E76C /* CommonTypes.swift */; };
		CAD7082A1CE2D44B00A6E76C /* DateConverter.swift in Sources */ = {isa = PBXBuildFile; fileRef = CAD708271CE2D44B00A6E76C /* DateConverter.swift */; };
		CAD7082B1CE2D44B00A6E76C /* LunarDayUtils.swift in Sources */ = {isa = PBXBuildFile; fileRef = CAD708281CE2D44B00A6E76C /* LunarDayUtils.swift */; };
/* End PBXBuildFile section */

/* Begin PBXFileReference section */
		CA7A75C71CE2C4A4009C89DC /* lunar-day.app */ = {isa = PBXFileReference; explicitFileType = wrapper.application; includeInIndex = 0; path = "lunar-day.app"; sourceTree = BUILT_PRODUCTS_DIR; };
		CA7A75CA1CE2C4A4009C89DC /* AppDelegate.swift */ = {isa = PBXFileReference; lastKnownFileType = sourcecode.swift; path = AppDelegate.swift; sourceTree = "<group>"; };
		CA7A75CF1CE2C4A4009C89DC /* Base */ = {isa = PBXFileReference; lastKnownFileType = file.storyboard; name = Base; path = Base.lproj/Main.storyboard; sourceTree = "<group>"; };
		CA7A75D11CE2C4A4009C89DC /* Assets.xcassets */ = {isa = PBXFileReference; lastKnownFileType = folder.assetcatalog; path = Assets.xcassets; sourceTree = "<group>"; };
		CA7A75D41CE2C4A4009C89DC /* Base */ = {isa = PBXFileReference; lastKnownFileType = file.storyboard; name = Base; path = Base.lproj/LaunchScreen.storyboard; sourceTree = "<group>"; };
		CA7A75D61CE2C4A4009C89DC /* Info.plist */ = {isa = PBXFileReference; lastKnownFileType = text.plist.xml; path = Info.plist; sourceTree = "<group>"; };
		CAB0D0131D07B62200635218 /* Roboto-Light.ttf */ = {isa = PBXFileReference; lastKnownFileType = file; path = "Roboto-Light.ttf"; sourceTree = "<group>"; };
		CAB0D0141D07B62200635218 /* Roboto-Medium.ttf */ = {isa = PBXFileReference; lastKnownFileType = file; path = "Roboto-Medium.ttf"; sourceTree = "<group>"; };
		CAB0D0181D07B63300635218 /* MainViewController.swift */ = {isa = PBXFileReference; fileEncoding = 4; lastKnownFileType = sourcecode.swift; path = MainViewController.swift; sourceTree = "<group>"; };
		CAD708261CE2D44B00A6E76C /* CommonTypes.swift */ = {isa = PBXFileReference; fileEncoding = 4; lastKnownFileType = sourcecode.swift; path = CommonTypes.swift; sourceTree = "<group>"; };
		CAD708271CE2D44B00A6E76C /* DateConverter.swift */ = {isa = PBXFileReference; fileEncoding = 4; lastKnownFileType = sourcecode.swift; path = DateConverter.swift; sourceTree = "<group>"; };
		CAD708281CE2D44B00A6E76C /* LunarDayUtils.swift */ = {isa = PBXFileReference; fileEncoding = 4; lastKnownFileType = sourcecode.swift; path = LunarDayUtils.swift; sourceTree = "<group>"; };
/* End PBXFileReference section */

/* Begin PBXFrameworksBuildPhase section */
		CA7A75C41CE2C4A4009C89DC /* Frameworks */ = {
			isa = PBXFrameworksBuildPhase;
			buildActionMask = 2147483647;
			files = (
			);
			runOnlyForDeploymentPostprocessing = 0;
		};
/* End PBXFrameworksBuildPhase section */

/* Begin PBXGroup section */
		CA7A75BE1CE2C4A4009C89DC = {
			isa = PBXGroup;
			children = (
				CA7A75C91CE2C4A4009C89DC /* lunar-day */,
				CA7A75C81CE2C4A4009C89DC /* Products */,
			);
			sourceTree = "<group>";
		};
		CA7A75C81CE2C4A4009C89DC /* Products */ = {
			isa = PBXGroup;
			children = (
				CA7A75C71CE2C4A4009C89DC /* lunar-day.app */,
			);
			name = Products;
			sourceTree = "<group>";
		};
		CA7A75C91CE2C4A4009C89DC /* lunar-day */ = {
			isa = PBXGroup;
			children = (
				CA7A75CA1CE2C4A4009C89DC /* AppDelegate.swift */,
				CA7A75D11CE2C4A4009C89DC /* Assets.xcassets */,
				CAB0D0121D07B62200635218 /* Custom Assets */,
				CA7A75D61CE2C4A4009C89DC /* Info.plist */,
				CA7A75D31CE2C4A4009C89DC /* LaunchScreen.storyboard */,
				CA7A75CE1CE2C4A4009C89DC /* Main.storyboard */,
				CAD708251CE2D44B00A6E76C /* Utils */,
				CAB0D0171D07B63300635218 /* Views */,
			);
			path = "lunar-day";
			sourceTree = "<group>";
		};
		CAB0D0121D07B62200635218 /* Custom Assets */ = {
			isa = PBXGroup;
			children = (
				CAB0D0131D07B62200635218 /* Roboto-Light.ttf */,
				CAB0D0141D07B62200635218 /* Roboto-Medium.ttf */,
			);
			name = "Custom Assets";
			path = "custom-assets";
			sourceTree = "<group>";
		};
		CAB0D0171D07B63300635218 /* Views */ = {
			isa = PBXGroup;
			children = (
				CAB0D0181D07B63300635218 /* MainViewController.swift */,
			);
			name = Views;
			path = views;
			sourceTree = "<group>";
		};
		CAD708251CE2D44B00A6E76C /* Utils */ = {
			isa = PBXGroup;
			children = (
				CAD708261CE2D44B00A6E76C /* CommonTypes.swift */,
				CAD708271CE2D44B00A6E76C /* DateConverter.swift */,
				CAD708281CE2D44B00A6E76C /* LunarDayUtils.swift */,
			);
			name = Utils;
			path = utils;
			sourceTree = "<group>";
		};
/* End PBXGroup section */

/* Begin PBXNativeTarget section */
		CA7A75C61CE2C4A4009C89DC /* lunar-day */ = {
			isa = PBXNativeTarget;
			buildConfigurationList = CA7A75D91CE2C4A4009C89DC /* Build configuration list for PBXNativeTarget "lunar-day" */;
			buildPhases = (
				CA7A75C31CE2C4A4009C89DC /* Sources */,
				CA7A75C41CE2C4A4009C89DC /* Frameworks */,
				CA7A75C51CE2C4A4009C89DC /* Resources */,
			);
			buildRules = (
			);
			dependencies = (
			);
			name = "lunar-day";
			productName = "lunar-day";
			productReference = CA7A75C71CE2C4A4009C89DC /* lunar-day.app */;
			productType = "com.apple.product-type.application";
		};
/* End PBXNativeTarget section */

/* Begin PBXProject section */
		CA7A75BF1CE2C4A4009C89DC /* Project object */ = {
			isa = PBXProject;
			attributes = {
				LastSwiftUpdateCheck = 0730;
				LastUpgradeCheck = 1020;
				ORGANIZATIONNAME = "Thanh Nguyen";
				TargetAttributes = {
					CA7A75C61CE2C4A4009C89DC = {
						CreatedOnToolsVersion = 7.3.1;
						DevelopmentTeam = 78KJ4VW88C;
						LastSwiftMigration = 0820;
					};
				};
			};
			buildConfigurationList = CA7A75C21CE2C4A4009C89DC /* Build configuration list for PBXProject "lunar-day" */;
			compatibilityVersion = "Xcode 3.2";
			developmentRegion = en;
			hasScannedForEncodings = 0;
			knownRegions = (
				en,
				Base,
			);
			mainGroup = CA7A75BE1CE2C4A4009C89DC;
			productRefGroup = CA7A75C81CE2C4A4009C89DC /* Products */;
			projectDirPath = "";
			projectRoot = "";
			targets = (
				CA7A75C61CE2C4A4009C89DC /* lunar-day */,
			);
		};
/* End PBXProject section */

/* Begin PBXResourcesBuildPhase section */
		CA7A75C51CE2C4A4009C89DC /* Resources */ = {
			isa = PBXResourcesBuildPhase;
			buildActionMask = 2147483647;
			files = (
				CAB0D0161D07B62200635218 /* Roboto-Medium.ttf in Resources */,
				CA7A75D51CE2C4A4009C89DC /* LaunchScreen.storyboard in Resources */,
				CA7A75D21CE2C4A4009C89DC /* Assets.xcassets in Resources */,
				CAB0D0151D07B62200635218 /* Roboto-Light.ttf in Resources */,
				CA7A75D01CE2C4A4009C89DC /* Main.storyboard in Resources */,
			);
			runOnlyForDeploymentPostprocessing = 0;
		};
/* End PBXResourcesBuildPhase section */

/* Begin PBXSourcesBuildPhase section */
		CA7A75C31CE2C4A4009C89DC /* Sources */ = {
			isa = PBXSourcesBuildPhase;
			buildActionMask = 2147483647;
			files = (
				CAB0D0191D07B63300635218 /* MainViewController.swift in Sources */,
				CAD7082A1CE2D44B00A6E76C /* DateConverter.swift in Sources */,
				CA7A75CB1CE2C4A4009C89DC /* AppDelegate.swift in Sources */,
				CAD708291CE2D44B00A6E76C /* CommonTypes.swift in Sources */,
				CAD7082B1CE2D44B00A6E76C /* LunarDayUtils.swift in Sources */,
			);
			runOnlyForDeploymentPostprocessing = 0;
		};
/* End PBXSourcesBuildPhase section */

/* Begin PBXVariantGroup section */
		CA7A75CE1CE2C4A4009C89DC /* Main.storyboard */ = {
			isa = PBXVariantGroup;
			children = (
				CA7A75CF1CE2C4A4009C89DC /* Base */,
			);
			name = Main.storyboard;
			sourceTree = "<group>";
		};
		CA7A75D31CE2C4A4009C89DC /* LaunchScreen.storyboard */ = {
			isa = PBXVariantGroup;
			children = (
				CA7A75D41CE2C4A4009C89DC /* Base */,
			);
			name = LaunchScreen.storyboard;
			sourceTree = "<group>";
		};
/* End PBXVariantGroup section */

/* Begin XCBuildConfiguration section */
		CA7A75D71CE2C4A4009C89DC /* Debug */ = {
			isa = XCBuildConfiguration;
			buildSettings = {
				ALWAYS_SEARCH_USER_PATHS = NO;
				CLANG_ANALYZER_LOCALIZABILITY_NONLOCALIZED = YES;
				CLANG_ANALYZER_NONNULL = YES;
				CLANG_CXX_LANGUAGE_STANDARD = "gnu++0x";
				CLANG_CXX_LIBRARY = "libc++";
				CLANG_ENABLE_MODULES = YES;
				CLANG_ENABLE_OBJC_ARC = YES;
				CLANG_WARN_BLOCK_CAPTURE_AUTORELEASING = YES;
				CLANG_WARN_BOOL_CONVERSION = YES;
				CLANG_WARN_COMMA = YES;
				CLANG_WARN_CONSTANT_CONVERSION = YES;
				CLANG_WARN_DEPRECATED_OBJC_IMPLEMENTATIONS = YES;
				CLANG_WARN_DIRECT_OBJC_ISA_USAGE = YES_ERROR;
				CLANG_WARN_EMPTY_BODY = YES;
				CLANG_WARN_ENUM_CONVERSION = YES;
				CLANG_WARN_INFINITE_RECURSION = YES;
				CLANG_WARN_INT_CONVERSION = YES;
				CLANG_WARN_NON_LITERAL_NULL_CONVERSION = YES;
				CLANG_WARN_OBJC_IMPLICIT_RETAIN_SELF = YES;
				CLANG_WARN_OBJC_LITERAL_CONVERSION = YES;
				CLANG_WARN_OBJC_ROOT_CLASS = YES_ERROR;
				CLANG_WARN_RANGE_LOOP_ANALYSIS = YES;
				CLANG_WARN_STRICT_PROTOTYPES = YES;
				CLANG_WARN_SUSPICIOUS_MOVE = YES;
				CLANG_WARN_UNREACHABLE_CODE = YES;
				CLANG_WARN__DUPLICATE_METHOD_MATCH = YES;
				"CODE_SIGN_IDENTITY[sdk=iphoneos*]" = "iPhone Developer";
				COPY_PHASE_STRIP = NO;
				DEBUG_INFORMATION_FORMAT = dwarf;
				ENABLE_STRICT_OBJC_MSGSEND = YES;
				ENABLE_TESTABILITY = YES;
				GCC_C_LANGUAGE_STANDARD = gnu99;
				GCC_DYNAMIC_NO_PIC = NO;
				GCC_NO_COMMON_BLOCKS = YES;
				GCC_OPTIMIZATION_LEVEL = 0;
				GCC_PREPROCESSOR_DEFINITIONS = (
					"DEBUG=1",
					"$(inherited)",
				);
				GCC_WARN_64_TO_32_BIT_CONVERSION = YES;
				GCC_WARN_ABOUT_RETURN_TYPE = YES_ERROR;
				GCC_WARN_UNDECLARED_SELECTOR = YES;
				GCC_WARN_UNINITIALIZED_AUTOS = YES_AGGRESSIVE;
				GCC_WARN_UNUSED_FUNCTION = YES;
				GCC_WARN_UNUSED_VARIABLE = YES;
				IPHONEOS_DEPLOYMENT_TARGET = 9.3;
				MTL_ENABLE_DEBUG_INFO = YES;
				ONLY_ACTIVE_ARCH = YES;
				SDKROOT = iphoneos;
				SWIFT_OPTIMIZATION_LEVEL = "-Onone";
			};
			name = Debug;
		};
		CA7A75D81CE2C4A4009C89DC /* Release */ = {
			isa = XCBuildConfiguration;
			buildSettings = {
				ALWAYS_SEARCH_USER_PATHS = NO;
				CLANG_ANALYZER_LOCALIZABILITY_NONLOCALIZED = YES;
				CLANG_ANALYZER_NONNULL = YES;
				CLANG_CXX_LANGUAGE_STANDARD = "gnu++0x";
				CLANG_CXX_LIBRARY = "libc++";
				CLANG_ENABLE_MODULES = YES;
				CLANG_ENABLE_OBJC_ARC = YES;
				CLANG_WARN_BLOCK_CAPTURE_AUTORELEASING = YES;
				CLANG_WARN_BOOL_CONVERSION = YES;
				CLANG_WARN_COMMA = YES;
				CLANG_WARN_CONSTANT_CONVERSION = YES;
				CLANG_WARN_DEPRECATED_OBJC_IMPLEMENTATIONS = YES;
				CLANG_WARN_DIRECT_OBJC_ISA_USAGE = YES_ERROR;
				CLANG_WARN_EMPTY_BODY = YES;
				CLANG_WARN_ENUM_CONVERSION = YES;
				CLANG_WARN_INFINITE_RECURSION = YES;
				CLANG_WARN_INT_CONVERSION = YES;
				CLANG_WARN_NON_LITERAL_NULL_CONVERSION = YES;
				CLANG_WARN_OBJC_IMPLICIT_RETAIN_SELF = YES;
				CLANG_WARN_OBJC_LITERAL_CONVERSION = YES;
				CLANG_WARN_OBJC_ROOT_CLASS = YES_ERROR;
				CLANG_WARN_RANGE_LOOP_ANALYSIS = YES;
				CLANG_WARN_STRICT_PROTOTYPES = YES;
				CLANG_WARN_SUSPICIOUS_MOVE = YES;
				CLANG_WARN_UNREACHABLE_CODE = YES;
				CLANG_WARN__DUPLICATE_METHOD_MATCH = YES;
				"CODE_SIGN_IDENTITY[sdk=iphoneos*]" = "iPhone Developer";
				COPY_PHASE_STRIP = NO;
				DEBUG_INFORMATION_FORMAT = "dwarf-with-dsym";
				ENABLE_NS_ASSERTIONS = NO;
				ENABLE_STRICT_OBJC_MSGSEND = YES;
				GCC_C_LANGUAGE_STANDARD = gnu99;
				GCC_NO_COMMON_BLOCKS = YES;
				GCC_WARN_64_TO_32_BIT_CONVERSION = YES;
				GCC_WARN_ABOUT_RETURN_TYPE = YES_ERROR;
				GCC_WARN_UNDECLARED_SELECTOR = YES;
				GCC_WARN_UNINITIALIZED_AUTOS = YES_AGGRESSIVE;
				GCC_WARN_UNUSED_FUNCTION = YES;
				GCC_WARN_UNUSED_VARIABLE = YES;
				IPHONEOS_DEPLOYMENT_TARGET = 9.3;
				MTL_ENABLE_DEBUG_INFO = NO;
				SDKROOT = iphoneos;
				SWIFT_OPTIMIZATION_LEVEL = "-Owholemodule";
				VALIDATE_PRODUCT = YES;
			};
			name = Release;
		};
		CA7A75DA1CE2C4A4009C89DC /* Debug */ = {
			isa = XCBuildConfiguration;
			buildSettings = {
				ASSETCATALOG_COMPILER_APPICON_NAME = AppIcon;
				DEVELOPMENT_TEAM = 78KJ4VW88C;
				INFOPLIST_FILE = "lunar-day/Info.plist";
				IPHONEOS_DEPLOYMENT_TARGET = 9.0;
				LD_RUNPATH_SEARCH_PATHS = "$(inherited) @executable_path/Frameworks";
				PRODUCT_BUNDLE_IDENTIFIER = "matkinhig.lunar-day";
				PRODUCT_NAME = "$(TARGET_NAME)";
				SWIFT_VERSION = 5.0;
			};
			name = Debug;
		};
		CA7A75DB1CE2C4A4009C89DC /* Release */ = {
			isa = XCBuildConfiguration;
			buildSettings = {
				ASSETCATALOG_COMPILER_APPICON_NAME = AppIcon;
				DEVELOPMENT_TEAM = 78KJ4VW88C;
				INFOPLIST_FILE = "lunar-day/Info.plist";
				IPHONEOS_DEPLOYMENT_TARGET = 9.0;
				LD_RUNPATH_SEARCH_PATHS = "$(inherited) @executable_path/Frameworks";
				PRODUCT_BUNDLE_IDENTIFIER = "matkinhig.lunar-day";
				PRODUCT_NAME = "$(TARGET_NAME)";
				SWIFT_VERSION = 5.0;
			};
			name = Release;
		};
/* End XCBuildConfiguration section */

/* Begin XCConfigurationList section */
		CA7A75C21CE2C4A4009C89DC /* Build configuration list for PBXProject "lunar-day" */ = {
			isa = XCConfigurationList;
			buildConfigurations = (
				CA7A75D71CE2C4A4009C89DC /* Debug */,
				CA7A75D81CE2C4A4009C89DC /* Release */,
			);
			defaultConfigurationIsVisible = 0;
			defaultConfigurationName = Release;
		};
		CA7A75D91CE2C4A4009C89DC /* Build configuration list for PBXNativeTarget "lunar-day" */ = {
			isa = XCConfigurationList;
			buildConfigurations = (
				CA7A75DA1CE2C4A4009C89DC /* Debug */,
				CA7A75DB1CE2C4A4009C89DC /* Release */,
			);
			defaultConfigurationIsVisible = 0;
			defaultConfigurationName = Release;
		};
/* End XCConfigurationList section */
	};
	rootObject = CA7A75BF1CE2C4A4009C89DC /* Project object */;
}
